PODS:
  - FDStackView (1.0.1)
  - LBLelinkKit (30226)
  - PLVMarquee (0.0.4)
  - PLVMasonry (1.1.2)
  - PLVSubtitle (0.1.2)
  - PLVTimer (0.0.4)
  - PLVVodDanmu (0.0.1)
  - PolyvAliHttpDNS (1.7.4):
    - PolyvAliHttpDNS/AlicloudHttpDNS (= 1.7.4)
    - PolyvAliHttpDNS/AlicloudUtils (= 1.7.4)
    - PolyvAliHttpDNS/UTDID (= 1.7.4)
  - PolyvAliHttpDNS/AlicloudHttpDNS (1.7.4)
  - PolyvAliHttpDNS/AlicloudUtils (1.7.4)
  - PolyvAliHttpDNS/UTDID (1.7.4)
  - PolyvIJKPlayer (0.9.2)
  - PolyvVodSDK (2.13.1):
    - PolyvVodSDK/Core (= 2.13.1)
    - PolyvVodSDK/Player (= 2.13.1)
    - PolyvVodSDK/ThirdPart (= 2.13.1)
  - PolyvVodSDK/Core (2.13.1):
    - PLVMarquee (~> 0.0.4)
    - PLVTimer (~> 0.0.2)
  - PolyvVodSDK/Player (2.13.1):
    - PolyvIJKPlayer (~> 0.9.1)
  - PolyvVodSDK/ThirdPart (2.13.1):
    - PolyvAliHttpDNS (~> 1.7.3)
    - SSZipArchive (~> 2.1.5)
    - WCDB (~> 1.0.6)
  - SQLiteRepairKit (1.2.2):
    - WCDBOptimizedSQLCipher (~> 1.2.0)
  - SSZipArchive (2.1.5)
  - WCDB (1.0.7.5):
    - SQLiteRepairKit (~> 1.2.0)
    - WCDBOptimizedSQLCipher (~> 1.2.0)
  - WCDBOptimizedSQLCipher (1.2.1)
  - XRCarouselView (2.6.1)
  - YYCache (1.0.4)
  - YYImage (1.0.4):
    - YYImage/Core (= 1.0.4)
  - YYImage/Core (1.0.4)
  - YYWebImage (1.0.5):
    - YYCache
    - YYImage

DEPENDENCIES:
  - FDStackView (~> 1.0.1)
  - LBLelinkKit (~> 30226)
  - PLVMasonry (~> 1.1.2)
  - PLVSubtitle (~> 0.1.0)
  - PLVVodDanmu (~> 0.0.1)
  - PolyvVodSDK (= 2.13.1)
  - XRCarouselView (~> 2.6.1)
  - YYWebImage (~> 1.0.5)

SPEC REPOS:
  https://github.com/cocoapods/specs.git:
    - FDStackView
    - LBLelinkKit
    - PLVMarquee
    - PLVMasonry
    - PLVSubtitle
    - PLVTimer
    - PLVVodDanmu
    - PolyvAliHttpDNS
    - PolyvIJKPlayer
    - PolyvVodSDK
    - SQLiteRepairKit
    - SSZipArchive
    - WCDB
    - WCDBOptimizedSQLCipher
    - XRCarouselView
    - YYCache
    - YYImage
    - YYWebImage

SPEC CHECKSUMS:
  FDStackView: fc0697e5be2022c8af36ce66e9e2061006058ba8
  LBLelinkKit: daa208412189a07f69228ae436da2d207f742b2a
  PLVMarquee: 7b22d5a12868817642e0a71cf4aa5ccc285b8a22
  PLVMasonry: e8426b8747b2c32e14da0b8aa6b268316555060a
  PLVSubtitle: 7701ea0e0c9e0868e7c87b07f28e9e099dba4442
  PLVTimer: 80d2d24d32bb2e9588d089fc25974ff778259ae1
  PLVVodDanmu: 7f6663e2bbc3bf93a94b9bd3a404e1760b3d3511
  PolyvAliHttpDNS: 6e7783feba44d25abc4f9584da83f93e7e4ef957
  PolyvIJKPlayer: 2a3c55373b145173ae64b1fc23d1eca51e5aad16
  PolyvVodSDK: 7b3d7d62ff3f28a1492dcaeecd02b6c2566bfcdd
  SQLiteRepairKit: 35aaae5a8838adb85f5b1eb4d796055be6060a4b
  SSZipArchive: cefe1364104a0231268a5deb8495bdf2861f52f0
  WCDB: 8e90babdeb7784c569353a4bd22a66c0a175a882
  WCDBOptimizedSQLCipher: baf44493b0c7a3d49e97bc5b64a3856f6428ddd1
  XRCarouselView: d3f949d1601e7de51604cdabd6e2f35a770e0f99
  YYCache: 8105b6638f5e849296c71f331ff83891a4942952
  YYImage: 1e1b62a9997399593e4b9c4ecfbbabbf1d3f3b54
  YYWebImage: 5f7f36aee2ae293f016d418c7d6ba05c4863e928

PODFILE CHECKSUM: 4517a0a7c4cfdb3218134ec063c6b5eb282d6520

COCOAPODS: 1.7.2
