PODS:
  - FDStackView (1.0.1)
  - LBLelinkKit (30206)
  - Masonry (1.1.0)
  - PLVMarquee (0.0.4)
  - PLVNetworkDiagnosisTool (0.0.1)
  - PLVSubtitle (0.1.1)
  - PLVTimer (0.0.3)
  - PLVVodDanmu (0.0.1)
  - PolyvAliHttpDNS (1.6.7)
  - PolyvIJKPlayer (0.4.2)
  - PolyvVodSDK (2.5.4):
    - PLVMarquee (~> 0.0.2)
    - PLVNetworkDiagnosisTool (~> 0.0.1)
    - PLVTimer (~> 0.0.2)
    - PolyvAliHttpDNS (~> 1.6.7)
    - PolyvIJKPlayer (~> 0.4.0)
    - SSZipArchive (~> 2.1.1)
    - WCDB (~> 1.0.6)
  - SQLiteRepairKit (1.2.2):
    - WCDBOptimizedSQLCipher (~> 1.2.0)
  - SSZipArchive (2.1.5)
  - WCDB (1.0.7.5):
    - SQLiteRepairKit (~> 1.2.0)
    - WCDBOptimizedSQLCipher (~> 1.2.0)
  - WCDBOptimizedSQLCipher (1.2.1)
  - XRCarouselView (2.6.1)
  - YYCache (1.0.4)
  - YYImage (1.0.4):
    - YYImage/Core (= 1.0.4)
  - YYImage/Core (1.0.4)
  - YYWebImage (1.0.5):
    - YYCache
    - YYImage

DEPENDENCIES:
  - FDStackView (~> 1.0.1)
  - LBLelinkKit (~> 30206)
  - Masonry (~> 1.1.0)
  - PLVSubtitle (~> 0.1.0)
  - PLVVodDanmu (~> 0.0.1)
  - PolyvVodSDK (= 2.5.4)
  - XRCarouselView (~> 2.6.1)
  - YYWebImage (~> 1.0.5)

SPEC REPOS:
  https://github.com/CocoaPods/Specs.git:
    - FDStackView
    - LBLelinkKit
    - Masonry
    - PLVSubtitle
    - PLVVodDanmu
    - XRCarouselView
    - YYCache
    - YYImage
    - YYWebImage
  trunk:
    - PLVMarquee
    - PLVNetworkDiagnosisTool
    - PLVTimer
    - PolyvAliHttpDNS
    - PolyvIJKPlayer
    - PolyvVodSDK
    - SQLiteRepairKit
    - SSZipArchive
    - WCDB
    - WCDBOptimizedSQLCipher

SPEC CHECKSUMS:
  FDStackView: fc0697e5be2022c8af36ce66e9e2061006058ba8
  LBLelinkKit: c9515f464d41a337109f9d499babfa861a3c3b64
  Masonry: 678fab65091a9290e40e2832a55e7ab731aad201
  PLVMarquee: 7b22d5a12868817642e0a71cf4aa5ccc285b8a22
  PLVNetworkDiagnosisTool: e8a098546d30c12f7d1c917d8e43f10941f1bc5d
  PLVSubtitle: e2466b1be11abe3290aee18a130f9143f48ae90f
  PLVTimer: 134c9e234b9e8b6f521d7920eb504e1bd2f4fe1c
  PLVVodDanmu: 7f6663e2bbc3bf93a94b9bd3a404e1760b3d3511
  PolyvAliHttpDNS: 0fbbbcd3aab07a48305d36884681ca33849cc0b7
  PolyvIJKPlayer: eebcbdd6916dd114543c87bd4613c9840e8927b1
  PolyvVodSDK: a079e35b0cd01ad68beba9fe4447adf50e7dcc5c
  SQLiteRepairKit: 35aaae5a8838adb85f5b1eb4d796055be6060a4b
  SSZipArchive: cefe1364104a0231268a5deb8495bdf2861f52f0
  WCDB: 8e90babdeb7784c569353a4bd22a66c0a175a882
  WCDBOptimizedSQLCipher: baf44493b0c7a3d49e97bc5b64a3856f6428ddd1
  XRCarouselView: d3f949d1601e7de51604cdabd6e2f35a770e0f99
  YYCache: 8105b6638f5e849296c71f331ff83891a4942952
  YYImage: 1e1b62a9997399593e4b9c4ecfbbabbf1d3f3b54
  YYWebImage: 5f7f36aee2ae293f016d418c7d6ba05c4863e928

PODFILE CHECKSUM: 67bfc154abd2729058b49aa1c4139f900a1ee483

COCOAPODS: 1.8.4
