PODS:
  - FDStackView (1.0.1)
  - LBLelinkKit (30206)
  - Masonry (1.1.0)
  - PLVMarquee (0.0.2)
  - PLVNetworkDiagnosisTool (0.0.1)
  - PLVSubtitle (0.1.1)
  - PLVTimer (0.0.3)
  - PLVVodDanmu (0.0.1)
  - PolyvAliHttpDNS (1.6.7)
  - PolyvIJKPlayer (0.4.0)
  - PolyvVodSDK (2.5.5):
    - PLVMarquee (~> 0.0.2)
    - PLVNetworkDiagnosisTool (~> 0.0.1)
    - PLVTimer (~> 0.0.2)
    - PolyvAliHttpDNS (~> 1.6.7)
    - PolyvIJKPlayer (~> 0.4.0)
    - SSZipArchive (~> 2.1.1)
    - WCDB (~> 1.0.6)
  - SQLiteRepairKit (1.2.1):
    - WCDBOptimizedSQLCipher (~> 1.2.0)
  - SSZipArchive (2.1.4)
  - WCDB (1.0.7.5):
    - SQLiteRepairKit (~> 1.2.0)
    - WCDBOptimizedSQLCipher (~> 1.2.0)
  - WCDBOptimizedSQLCipher (1.2.1)
  - XRCarouselView (2.6.1)
  - YYCache (1.0.4)
  - YYImage (1.0.4):
    - YYImage/Core (= 1.0.4)
  - YYImage/Core (1.0.4)
  - YYWebImage (1.0.5):
    - YYCache
    - YYImage

DEPENDENCIES:
  - FDStackView (~> 1.0.1)
  - LBLelinkKit (~> 30206)
  - Masonry (~> 1.1.0)
  - PLVSubtitle (~> 0.1.0)
  - PLVVodDanmu (~> 0.0.1)
  - PolyvVodSDK (~> 2.5.4)
  - XRCarouselView (~> 2.6.1)
  - YYWebImage (~> 1.0.5)

SPEC REPOS:
  https://github.com/cocoapods/specs.git:
    - FDStackView
    - LBLelinkKit
    - Masonry
    - PLVMarquee
    - PLVNetworkDiagnosisTool
    - PLVSubtitle
    - PLVTimer
    - PLVVodDanmu
    - PolyvAliHttpDNS
    - PolyvIJKPlayer
    - PolyvVodSDK
    - SQLiteRepairKit
    - SSZipArchive
    - WCDB
    - WCDBOptimizedSQLCipher
    - XRCarouselView
    - YYCache
    - YYImage
    - YYWebImage

SPEC CHECKSUMS:
  FDStackView: fc0697e5be2022c8af36ce66e9e2061006058ba8
  LBLelinkKit: c9515f464d41a337109f9d499babfa861a3c3b64
  Masonry: 678fab65091a9290e40e2832a55e7ab731aad201
  PLVMarquee: fa5b52812d3772ca5fcaa50733d549b5b1e6fbf6
  PLVNetworkDiagnosisTool: e8a098546d30c12f7d1c917d8e43f10941f1bc5d
  PLVSubtitle: e2466b1be11abe3290aee18a130f9143f48ae90f
  PLVTimer: 134c9e234b9e8b6f521d7920eb504e1bd2f4fe1c
  PLVVodDanmu: 7f6663e2bbc3bf93a94b9bd3a404e1760b3d3511
  PolyvAliHttpDNS: 0fbbbcd3aab07a48305d36884681ca33849cc0b7
  PolyvIJKPlayer: 42fccc693f21a89e6b5229430f0afb9b43fbcd0f
  PolyvVodSDK: 1ae1e3fe2e86515ba17e63948a29b5a40992d9f5
  SQLiteRepairKit: 4d21bab9eff6a273f63da6815a0d1659e53f5bde
  SSZipArchive: 41455d4b8d2b6ab93990820b50dc697c2554a322
  WCDB: 8e90babdeb7784c569353a4bd22a66c0a175a882
  WCDBOptimizedSQLCipher: baf44493b0c7a3d49e97bc5b64a3856f6428ddd1
  XRCarouselView: d3f949d1601e7de51604cdabd6e2f35a770e0f99
  YYCache: 8105b6638f5e849296c71f331ff83891a4942952
  YYImage: 1e1b62a9997399593e4b9c4ecfbbabbf1d3f3b54
  YYWebImage: 5f7f36aee2ae293f016d418c7d6ba05c4863e928

PODFILE CHECKSUM: 6b619f13201b73a8c8748041a533ea4ef008aa6f

COCOAPODS: 1.6.0.beta.2
